
Microsoft Visual Studio Solution File, Format Version 12.00
# Visual Studio Version 17
VisualStudioVersion = 17.4.33110.190
MinimumVisualStudioVersion = 15.0.26124.0
Project("{9A19103F-16F7-4668-BE54-9A1E7A4F7556}") = "Cdk", "cdk\src\Cdk\Cdk.csproj", "{C408C818-A839-4EC1-A00D-F1AE8687936E}"
EndProject
Project("{9A19103F-16F7-4668-BE54-9A1E7A4F7556}") = "BananaTracks.App", "src\BananaTracks.App\BananaTracks.App.csproj", "{9ADCE9DF-631E-4C1F-9CD5-D74448782858}"
EndProject
Project("{2150E333-8FDC-42A3-9474-1A3956D46DE8}") = "Solution Items", "Solution Items", "{D14409F1-D93B-4F70-9A32-4EBC1B14F9C6}"
	ProjectSection(SolutionItems) = preProject
		.github\workflows\main.yml = .github\workflows\main.yml
	EndProjectSection
EndProject
Project("{FAE04EC0-301F-11D3-BF4B-00C04F79EFBC}") = "BananaTracks.Api", "src\BananaTracks.Api\BananaTracks.Api.csproj", "{52159FB9-D351-412A-A03D-8F31ADA29B87}"
EndProject
Project("{FAE04EC0-301F-11D3-BF4B-00C04F79EFBC}") = "BananaTracks.Shared", "src\BananaTracks.Shared\BananaTracks.Shared.csproj", "{82401919-770F-4B3E-850B-FF6E02007BD2}"
EndProject
Global
	GlobalSection(SolutionConfigurationPlatforms) = preSolution
		Debug|Any CPU = Debug|Any CPU
		Debug|x64 = Debug|x64
		Debug|x86 = Debug|x86
		Release|Any CPU = Release|Any CPU
		Release|x64 = Release|x64
		Release|x86 = Release|x86
	EndGlobalSection
	GlobalSection(ProjectConfigurationPlatforms) = postSolution
		{C408C818-A839-4EC1-A00D-F1AE8687936E}.Debug|Any CPU.ActiveCfg = Debug|Any CPU
		{C408C818-A839-4EC1-A00D-F1AE8687936E}.Debug|Any CPU.Build.0 = Debug|Any CPU
		{C408C818-A839-4EC1-A00D-F1AE8687936E}.Debug|x64.ActiveCfg = Debug|Any CPU
		{C408C818-A839-4EC1-A00D-F1AE8687936E}.Debug|x64.Build.0 = Debug|Any CPU
		{C408C818-A839-4EC1-A00D-F1AE8687936E}.Debug|x86.ActiveCfg = Debug|Any CPU
		{C408C818-A839-4EC1-A00D-F1AE8687936E}.Debug|x86.Build.0 = Debug|Any CPU
		{C408C818-A839-4EC1-A00D-F1AE8687936E}.Release|Any CPU.ActiveCfg = Release|Any CPU
		{C408C818-A839-4EC1-A00D-F1AE8687936E}.Release|Any CPU.Build.0 = Release|Any CPU
		{C408C818-A839-4EC1-A00D-F1AE8687936E}.Release|x64.ActiveCfg = Release|Any CPU
		{C408C818-A839-4EC1-A00D-F1AE8687936E}.Release|x64.Build.0 = Release|Any CPU
		{C408C818-A839-4EC1-A00D-F1AE8687936E}.Release|x86.ActiveCfg = Release|Any CPU
		{C408C818-A839-4EC1-A00D-F1AE8687936E}.Release|x86.Build.0 = Release|Any CPU
		{9ADCE9DF-631E-4C1F-9CD5-D74448782858}.Debug|Any CPU.ActiveCfg = Debug|Any CPU
		{9ADCE9DF-631E-4C1F-9CD5-D74448782858}.Debug|Any CPU.Build.0 = Debug|Any CPU
		{9ADCE9DF-631E-4C1F-9CD5-D74448782858}.Debug|x64.ActiveCfg = Debug|Any CPU
		{9ADCE9DF-631E-4C1F-9CD5-D74448782858}.Debug|x64.Build.0 = Debug|Any CPU
		{9ADCE9DF-631E-4C1F-9CD5-D74448782858}.Debug|x86.ActiveCfg = Debug|Any CPU
		{9ADCE9DF-631E-4C1F-9CD5-D74448782858}.Debug|x86.Build.0 = Debug|Any CPU
		{9ADCE9DF-631E-4C1F-9CD5-D74448782858}.Release|Any CPU.ActiveCfg = Release|Any CPU
		{9ADCE9DF-631E-4C1F-9CD5-D74448782858}.Release|Any CPU.Build.0 = Release|Any CPU
		{9ADCE9DF-631E-4C1F-9CD5-D74448782858}.Release|x64.ActiveCfg = Release|Any CPU
		{9ADCE9DF-631E-4C1F-9CD5-D74448782858}.Release|x64.Build.0 = Release|Any CPU
		{9ADCE9DF-631E-4C1F-9CD5-D74448782858}.Release|x86.ActiveCfg = Release|Any CPU
		{9ADCE9DF-631E-4C1F-9CD5-D74448782858}.Release|x86.Build.0 = Release|Any CPU
		{52159FB9-D351-412A-A03D-8F31ADA29B87}.Debug|Any CPU.ActiveCfg = Debug|Any CPU
		{52159FB9-D351-412A-A03D-8F31ADA29B87}.Debug|Any CPU.Build.0 = Debug|Any CPU
		{52159FB9-D351-412A-A03D-8F31ADA29B87}.Debug|x64.ActiveCfg = Debug|Any CPU
		{52159FB9-D351-412A-A03D-8F31ADA29B87}.Debug|x64.Build.0 = Debug|Any CPU
		{52159FB9-D351-412A-A03D-8F31ADA29B87}.Debug|x86.ActiveCfg = Debug|Any CPU
		{52159FB9-D351-412A-A03D-8F31ADA29B87}.Debug|x86.Build.0 = Debug|Any CPU
		{52159FB9-D351-412A-A03D-8F31ADA29B87}.Release|Any CPU.ActiveCfg = Release|Any CPU
		{52159FB9-D351-412A-A03D-8F31ADA29B87}.Release|Any CPU.Build.0 = Release|Any CPU
		{52159FB9-D351-412A-A03D-8F31ADA29B87}.Release|x64.ActiveCfg = Release|Any CPU
		{52159FB9-D351-412A-A03D-8F31ADA29B87}.Release|x64.Build.0 = Release|Any CPU
		{52159FB9-D351-412A-A03D-8F31ADA29B87}.Release|x86.ActiveCfg = Release|Any CPU
		{52159FB9-D351-412A-A03D-8F31ADA29B87}.Release|x86.Build.0 = Release|Any CPU
		{82401919-770F-4B3E-850B-FF6E02007BD2}.Debug|Any CPU.ActiveCfg = Debug|Any CPU
		{82401919-770F-4B3E-850B-FF6E02007BD2}.Debug|Any CPU.Build.0 = Debug|Any CPU
		{82401919-770F-4B3E-850B-FF6E02007BD2}.Debug|x64.ActiveCfg = Debug|Any CPU
		{82401919-770F-4B3E-850B-FF6E02007BD2}.Debug|x64.Build.0 = Debug|Any CPU
		{82401919-770F-4B3E-850B-FF6E02007BD2}.Debug|x86.ActiveCfg = Debug|Any CPU
		{82401919-770F-4B3E-850B-FF6E02007BD2}.Debug|x86.Build.0 = Debug|Any CPU
		{82401919-770F-4B3E-850B-FF6E02007BD2}.Release|Any CPU.ActiveCfg = Release|Any CPU
		{82401919-770F-4B3E-850B-FF6E02007BD2}.Release|Any CPU.Build.0 = Release|Any CPU
		{82401919-770F-4B3E-850B-FF6E02007BD2}.Release|x64.ActiveCfg = Release|Any CPU
		{82401919-770F-4B3E-850B-FF6E02007BD2}.Release|x64.Build.0 = Release|Any CPU
		{82401919-770F-4B3E-850B-FF6E02007BD2}.Release|x86.ActiveCfg = Release|Any CPU
		{82401919-770F-4B3E-850B-FF6E02007BD2}.Release|x86.Build.0 = Release|Any CPU
	EndGlobalSection
	GlobalSection(SolutionProperties) = preSolution
		HideSolutionNode = FALSE
	EndGlobalSection
	GlobalSection(ExtensibilityGlobals) = postSolution
		SolutionGuid = {D8398B4F-4A7D-4850-BE29-63BB56272D47}
	EndGlobalSection
EndGlobal
